
Microsoft Visual Studio Solution File, Format Version 12.00
# Visual Studio Version 16
VisualStudioVersion = 16.0.29806.167
MinimumVisualStudioVersion = 10.0.40219.1
Project("{F184B08F-C81C-45F6-A57F-5ABD9991F28F}") = "Calculator", "Calculator\Calculator.vbproj", "{CEF2AC42-77A7-43E8-A170-F6F57970AC10}"
EndProject
Global
	GlobalSection(SolutionConfigurationPlatforms) = preSolution
		Debug|Any CPU = Debug|Any CPU
		Release|Any CPU = Release|Any CPU
	EndGlobalSection
	GlobalSection(ProjectConfigurationPlatforms) = postSolution
		{CEF2AC42-77A7-43E8-A170-F6F57970AC10}.Debug|Any CPU.ActiveCfg = Debug|Any CPU
		{CEF2AC42-77A7-43E8-A170-F6F57970AC10}.Debug|Any CPU.Build.0 = Debug|Any CPU
		{CEF2AC42-77A7-43E8-A170-F6F57970AC10}.Release|Any CPU.ActiveCfg = Release|Any CPU
		{CEF2AC42-77A7-43E8-A170-F6F57970AC10}.Release|Any CPU.Build.0 = Release|Any CPU
	EndGlobalSection
	GlobalSection(SolutionProperties) = preSolution
		HideSolutionNode = FALSE
	EndGlobalSection
	GlobalSection(ExtensibilityGlobals) = postSolution
		SolutionGuid = {D6130112-8BBA-4C16-8E68-4DB4CE224DA3}
	EndGlobalSection
EndGlobal
